
Microsoft Visual Studio Solution File, Format Version 12.00
# Visual Studio Version 17
VisualStudioVersion = 17.3.32929.385
MinimumVisualStudioVersion = 10.0.40219.1
Project("{9A19103F-16F7-4668-BE54-9A1E7A4F7556}") = "PasswordGenerator", "PasswordGenerator.csproj", "{97CDB4DC-EA4F-420C-BB2B-32AE9B12CE11}"
EndProject
Global
	GlobalSection(SolutionConfigurationPlatforms) = preSolution
		Debug|Any CPU = Debug|Any CPU
		Release|Any CPU = Release|Any CPU
	EndGlobalSection
	GlobalSection(ProjectConfigurationPlatforms) = postSolution
		{97CDB4DC-EA4F-420C-BB2B-32AE9B12CE11}.Debug|Any CPU.ActiveCfg = Debug|Any CPU
		{97CDB4DC-EA4F-420C-BB2B-32AE9B12CE11}.Debug|Any CPU.Build.0 = Debug|Any CPU
		{97CDB4DC-EA4F-420C-BB2B-32AE9B12CE11}.Release|Any CPU.ActiveCfg = Release|Any CPU
		{97CDB4DC-EA4F-420C-BB2B-32AE9B12CE11}.Release|Any CPU.Build.0 = Release|Any CPU
	EndGlobalSection
	GlobalSection(SolutionProperties) = preSolution
		HideSolutionNode = FALSE
	EndGlobalSection
	GlobalSection(ExtensibilityGlobals) = postSolution
		SolutionGuid = {B61AFF7C-0AED-42FC-8BDB-D5735A92655F}
	EndGlobalSection
EndGlobal
